DEPENDENCIES
  chruby (~> 0.2.2)
  everything_rails
    path: .
    metadata: true
  locale (~> 2.0.1)
  nodejs (~> 5.0.0)
  system (~> 0.11.3)

GRAPH
  apt (6.1.4)
  ark (3.1.0)
    build-essential (>= 0.0.0)
    seven_zip (>= 0.0.0)
    windows (>= 0.0.0)
  build-essential (8.0.4)
    mingw (>= 1.1)
    seven_zip (>= 0.0.0)
  chruby (0.2.2)
    ark (>= 0.0.0)
    ruby_build (>= 0.0.0)
  compat_resource (12.19.1)
  cron (1.7.6)
  everything_rails (0.1.168)
    chruby (~> 0.2.2)
    locale (~> 2.0.1)
    nodejs (~> 5.0.0)
    system (~> 0.11.3)
  git (8.0.0)
    build-essential (>= 0.0.0)
    homebrew (>= 0.0.0)
  homebrew (4.3.0)
  hostsfile (3.0.1)
  locale (2.0.1)
  mingw (2.0.1)
    seven_zip (>= 0.0.0)
  nodejs (5.0.0)
    ark (>= 2.0.2)
    build-essential (>= 0.0.0)
  ohai (5.2.1)
  ruby_build (1.1.0)
    git (>= 0.0.0)
    yum-epel (>= 0.0.0)
  seven_zip (2.0.2)
    windows (>= 1.2.2)
  system (0.11.3)
    apt (>= 0.0.0)
    cron (~> 1.7)
    hostsfile (>= 0.0.0)
  windows (3.4.4)
    ohai (>= 4.0.0)
  yum-epel (2.1.2)
    compat_resource (>= 12.16.3)
